
Microsoft Visual Studio Solution File, Format Version 12.00
# Visual Studio 15
VisualStudioVersion = 15.0.26228.9
MinimumVisualStudioVersion = 10.0.40219.1
Project("{FAE04EC0-301F-11D3-BF4B-00C04F79EFBC}") = "Xamarin.Forms.BindablePicker", "Xamarin.Forms.BindablePicker\Xamarin.Forms.BindablePicker.csproj", "{67F9D3A8-F71E-4428-913F-C37AE82CDB24}"
EndProject
Project("{2150E333-8FDC-42A3-9474-1A3956D46DE8}") = "SampleApps", "SampleApps", "{8AF70E9D-F37A-4E87-AEE9-10A30143EDB9}"
EndProject
Project("{FAE04EC0-301F-11D3-BF4B-00C04F79EFBC}") = "SampleApp.Android", "SampleApps\SampleApp\SampleApp.Android\SampleApp.Android.csproj", "{41961FD1-2F27-4AC1-B2B6-1D743F434BFA}"
EndProject
Project("{FAE04EC0-301F-11D3-BF4B-00C04F79EFBC}") = "SampleApp", "SampleApps\SampleApp\SampleApp\SampleApp.csproj", "{C16626D6-708F-4F94-BC37-51B18D53B82B}"
EndProject
Project("{FAE04EC0-301F-11D3-BF4B-00C04F79EFBC}") = "SampleApp.UWP", "SampleApps\SampleApp\SampleApp.UWP\SampleApp.UWP.csproj", "{30F03DD4-78DB-4FBD-B3C7-551B8B584D92}"
EndProject
Project("{FAE04EC0-301F-11D3-BF4B-00C04F79EFBC}") = "SampleApp.iOS", "SampleApps\SampleApp\SampleApp.iOS\SampleApp.iOS.csproj", "{A0D608B0-871D-4E96-A8E6-D1FD7091D68A}"
EndProject
Global
	GlobalSection(SolutionConfigurationPlatforms) = preSolution
		Ad-Hoc|Any CPU = Ad-Hoc|Any CPU
		Ad-Hoc|ARM = Ad-Hoc|ARM
		Ad-Hoc|iPhone = Ad-Hoc|iPhone
		Ad-Hoc|iPhoneSimulator = Ad-Hoc|iPhoneSimulator
		Ad-Hoc|x64 = Ad-Hoc|x64
		Ad-Hoc|x86 = Ad-Hoc|x86
		AppStore|Any CPU = AppStore|Any CPU
		AppStore|ARM = AppStore|ARM
		AppStore|iPhone = AppStore|iPhone
		AppStore|iPhoneSimulator = AppStore|iPhoneSimulator
		AppStore|x64 = AppStore|x64
		AppStore|x86 = AppStore|x86
		Debug|Any CPU = Debug|Any CPU
		Debug|ARM = Debug|ARM
		Debug|iPhone = Debug|iPhone
		Debug|iPhoneSimulator = Debug|iPhoneSimulator
		Debug|x64 = Debug|x64
		Debug|x86 = Debug|x86
		Release|Any CPU = Release|Any CPU
		Release|ARM = Release|ARM
		Release|iPhone = Release|iPhone
		Release|iPhoneSimulator = Release|iPhoneSimulator
		Release|x64 = Release|x64
		Release|x86 = Release|x86
	EndGlobalSection
	GlobalSection(ProjectConfigurationPlatforms) = postSolution
		{67F9D3A8-F71E-4428-913F-C37AE82CDB24}.Ad-Hoc|Any CPU.ActiveCfg = Release|Any CPU
		{67F9D3A8-F71E-4428-913F-C37AE82CDB24}.Ad-Hoc|Any CPU.Build.0 = Release|Any CPU
		{67F9D3A8-F71E-4428-913F-C37AE82CDB24}.Ad-Hoc|ARM.ActiveCfg = Release|Any CPU
		{67F9D3A8-F71E-4428-913F-C37AE82CDB24}.Ad-Hoc|ARM.Build.0 = Release|Any CPU
		{67F9D3A8-F71E-4428-913F-C37AE82CDB24}.Ad-Hoc|iPhone.ActiveCfg = Release|Any CPU
		{67F9D3A8-F71E-4428-913F-C37AE82CDB24}.Ad-Hoc|iPhone.Build.0 = Release|Any CPU
		{67F9D3A8-F71E-4428-913F-C37AE82CDB24}.Ad-Hoc|iPhoneSimulator.ActiveCfg = Release|Any CPU
		{67F9D3A8-F71E-4428-913F-C37AE82CDB24}.Ad-Hoc|iPhoneSimulator.Build.0 = Release|Any CPU
		{67F9D3A8-F71E-4428-913F-C37AE82CDB24}.Ad-Hoc|x64.ActiveCfg = Release|Any CPU
		{67F9D3A8-F71E-4428-913F-C37AE82CDB24}.Ad-Hoc|x64.Build.0 = Release|Any CPU
		{67F9D3A8-F71E-4428-913F-C37AE82CDB24}.Ad-Hoc|x86.ActiveCfg = Release|Any CPU
		{67F9D3A8-F71E-4428-913F-C37AE82CDB24}.Ad-Hoc|x86.Build.0 = Release|Any CPU
		{67F9D3A8-F71E-4428-913F-C37AE82CDB24}.AppStore|Any CPU.ActiveCfg = Release|Any CPU
		{67F9D3A8-F71E-4428-913F-C37AE82CDB24}.AppStore|Any CPU.Build.0 = Release|Any CPU
		{67F9D3A8-F71E-4428-913F-C37AE82CDB24}.AppStore|ARM.ActiveCfg = Release|Any CPU
		{67F9D3A8-F71E-4428-913F-C37AE82CDB24}.AppStore|ARM.Build.0 = Release|Any CPU
		{67F9D3A8-F71E-4428-913F-C37AE82CDB24}.AppStore|iPhone.ActiveCfg = Release|Any CPU
		{67F9D3A8-F71E-4428-913F-C37AE82CDB24}.AppStore|iPhone.Build.0 = Release|Any CPU
		{67F9D3A8-F71E-4428-913F-C37AE82CDB24}.AppStore|iPhoneSimulator.ActiveCfg = Release|Any CPU
		{67F9D3A8-F71E-4428-913F-C37AE82CDB24}.AppStore|iPhoneSimulator.Build.0 = Release|Any CPU
		{67F9D3A8-F71E-4428-913F-C37AE82CDB24}.AppStore|x64.ActiveCfg = Release|Any CPU
		{67F9D3A8-F71E-4428-913F-C37AE82CDB24}.AppStore|x64.Build.0 = Release|Any CPU
		{67F9D3A8-F71E-4428-913F-C37AE82CDB24}.AppStore|x86.ActiveCfg = Release|Any CPU
		{67F9D3A8-F71E-4428-913F-C37AE82CDB24}.AppStore|x86.Build.0 = Release|Any CPU
		{67F9D3A8-F71E-4428-913F-C37AE82CDB24}.Debug|Any CPU.ActiveCfg = Debug|Any CPU
		{67F9D3A8-F71E-4428-913F-C37AE82CDB24}.Debug|Any CPU.Build.0 = Debug|Any CPU
		{67F9D3A8-F71E-4428-913F-C37AE82CDB24}.Debug|ARM.ActiveCfg = Debug|Any CPU
		{67F9D3A8-F71E-4428-913F-C37AE82CDB24}.Debug|ARM.Build.0 = Debug|Any CPU
		{67F9D3A8-F71E-4428-913F-C37AE82CDB24}.Debug|iPhone.ActiveCfg = Debug|Any CPU
		{67F9D3A8-F71E-4428-913F-C37AE82CDB24}.Debug|iPhone.Build.0 = Debug|Any CPU
		{67F9D3A8-F71E-4428-913F-C37AE82CDB24}.Debug|iPhoneSimulator.ActiveCfg = Debug|Any CPU
		{67F9D3A8-F71E-4428-913F-C37AE82CDB24}.Debug|iPhoneSimulator.Build.0 = Debug|Any CPU
		{67F9D3A8-F71E-4428-913F-C37AE82CDB24}.Debug|x64.ActiveCfg = Debug|Any CPU
		{67F9D3A8-F71E-4428-913F-C37AE82CDB24}.Debug|x64.Build.0 = Debug|Any CPU
		{67F9D3A8-F71E-4428-913F-C37AE82CDB24}.Debug|x86.ActiveCfg = Debug|Any CPU
		{67F9D3A8-F71E-4428-913F-C37AE82CDB24}.Debug|x86.Build.0 = Debug|Any CPU
		{67F9D3A8-F71E-4428-913F-C37AE82CDB24}.Release|Any CPU.ActiveCfg = Release|Any CPU
		{67F9D3A8-F71E-4428-913F-C37AE82CDB24}.Release|Any CPU.Build.0 = Release|Any CPU
		{67F9D3A8-F71E-4428-913F-C37AE82CDB24}.Release|ARM.ActiveCfg = Release|Any CPU
		{67F9D3A8-F71E-4428-913F-C37AE82CDB24}.Release|ARM.Build.0 = Release|Any CPU
		{67F9D3A8-F71E-4428-913F-C37AE82CDB24}.Release|iPhone.ActiveCfg = Release|Any CPU
		{67F9D3A8-F71E-4428-913F-C37AE82CDB24}.Release|iPhone.Build.0 = Release|Any CPU
		{67F9D3A8-F71E-4428-913F-C37AE82CDB24}.Release|iPhoneSimulator.ActiveCfg = Release|Any CPU
		{67F9D3A8-F71E-4428-913F-C37AE82CDB24}.Release|iPhoneSimulator.Build.0 = Release|Any CPU
		{67F9D3A8-F71E-4428-913F-C37AE82CDB24}.Release|x64.ActiveCfg = Release|Any CPU
		{67F9D3A8-F71E-4428-913F-C37AE82CDB24}.Release|x64.Build.0 = Release|Any CPU
		{67F9D3A8-F71E-4428-913F-C37AE82CDB24}.Release|x86.ActiveCfg = Release|Any CPU
		{67F9D3A8-F71E-4428-913F-C37AE82CDB24}.Release|x86.Build.0 = Release|Any CPU
		{41961FD1-2F27-4AC1-B2B6-1D743F434BFA}.Ad-Hoc|Any CPU.ActiveCfg = Release|Any CPU
		{41961FD1-2F27-4AC1-B2B6-1D743F434BFA}.Ad-Hoc|Any CPU.Build.0 = Release|Any CPU
		{41961FD1-2F27-4AC1-B2B6-1D743F434BFA}.Ad-Hoc|Any CPU.Deploy.0 = Release|Any CPU
		{41961FD1-2F27-4AC1-B2B6-1D743F434BFA}.Ad-Hoc|ARM.ActiveCfg = Release|Any CPU
		{41961FD1-2F27-4AC1-B2B6-1D743F434BFA}.Ad-Hoc|ARM.Build.0 = Release|Any CPU
		{41961FD1-2F27-4AC1-B2B6-1D743F434BFA}.Ad-Hoc|ARM.Deploy.0 = Release|Any CPU
		{41961FD1-2F27-4AC1-B2B6-1D743F434BFA}.Ad-Hoc|iPhone.ActiveCfg = Release|Any CPU
		{41961FD1-2F27-4AC1-B2B6-1D743F434BFA}.Ad-Hoc|iPhone.Build.0 = Release|Any CPU
		{41961FD1-2F27-4AC1-B2B6-1D743F434BFA}.Ad-Hoc|iPhone.Deploy.0 = Release|Any CPU
		{41961FD1-2F27-4AC1-B2B6-1D743F434BFA}.Ad-Hoc|iPhoneSimulator.ActiveCfg = Release|Any CPU
		{41961FD1-2F27-4AC1-B2B6-1D743F434BFA}.Ad-Hoc|iPhoneSimulator.Build.0 = Release|Any CPU
		{41961FD1-2F27-4AC1-B2B6-1D743F434BFA}.Ad-Hoc|iPhoneSimulator.Deploy.0 = Release|Any CPU
		{41961FD1-2F27-4AC1-B2B6-1D743F434BFA}.Ad-Hoc|x64.ActiveCfg = Release|Any CPU
		{41961FD1-2F27-4AC1-B2B6-1D743F434BFA}.Ad-Hoc|x64.Build.0 = Release|Any CPU
		{41961FD1-2F27-4AC1-B2B6-1D743F434BFA}.Ad-Hoc|x64.Deploy.0 = Release|Any CPU
		{41961FD1-2F27-4AC1-B2B6-1D743F434BFA}.Ad-Hoc|x86.ActiveCfg = Release|Any CPU
		{41961FD1-2F27-4AC1-B2B6-1D743F434BFA}.Ad-Hoc|x86.Build.0 = Release|Any CPU
		{41961FD1-2F27-4AC1-B2B6-1D743F434BFA}.Ad-Hoc|x86.Deploy.0 = Release|Any CPU
		{41961FD1-2F27-4AC1-B2B6-1D743F434BFA}.AppStore|Any CPU.ActiveCfg = Release|Any CPU
		{41961FD1-2F27-4AC1-B2B6-1D743F434BFA}.AppStore|Any CPU.Build.0 = Release|Any CPU
		{41961FD1-2F27-4AC1-B2B6-1D743F434BFA}.AppStore|Any CPU.Deploy.0 = Release|Any CPU
		{41961FD1-2F27-4AC1-B2B6-1D743F434BFA}.AppStore|ARM.ActiveCfg = Release|Any CPU
		{41961FD1-2F27-4AC1-B2B6-1D743F434BFA}.AppStore|ARM.Build.0 = Release|Any CPU
		{41961FD1-2F27-4AC1-B2B6-1D743F434BFA}.AppStore|ARM.Deploy.0 = Release|Any CPU
		{41961FD1-2F27-4AC1-B2B6-1D743F434BFA}.AppStore|iPhone.ActiveCfg = Release|Any CPU
		{41961FD1-2F27-4AC1-B2B6-1D743F434BFA}.AppStore|iPhone.Build.0 = Release|Any CPU
		{41961FD1-2F27-4AC1-B2B6-1D743F434BFA}.AppStore|iPhone.Deploy.0 = Release|Any CPU
		{41961FD1-2F27-4AC1-B2B6-1D743F434BFA}.AppStore|iPhoneSimulator.ActiveCfg = Release|Any CPU
		{41961FD1-2F27-4AC1-B2B6-1D743F434BFA}.AppStore|iPhoneSimulator.Build.0 = Release|Any CPU
		{41961FD1-2F27-4AC1-B2B6-1D743F434BFA}.AppStore|iPhoneSimulator.Deploy.0 = Release|Any CPU
		{41961FD1-2F27-4AC1-B2B6-1D743F434BFA}.AppStore|x64.ActiveCfg = Release|Any CPU
		{41961FD1-2F27-4AC1-B2B6-1D743F434BFA}.AppStore|x64.Build.0 = Release|Any CPU
		{41961FD1-2F27-4AC1-B2B6-1D743F434BFA}.AppStore|x64.Deploy.0 = Release|Any CPU
		{41961FD1-2F27-4AC1-B2B6-1D743F434BFA}.AppStore|x86.ActiveCfg = Release|Any CPU
		{41961FD1-2F27-4AC1-B2B6-1D743F434BFA}.AppStore|x86.Build.0 = Release|Any CPU
		{41961FD1-2F27-4AC1-B2B6-1D743F434BFA}.AppStore|x86.Deploy.0 = Release|Any CPU
		{41961FD1-2F27-4AC1-B2B6-1D743F434BFA}.Debug|Any CPU.ActiveCfg = Debug|Any CPU
		{41961FD1-2F27-4AC1-B2B6-1D743F434BFA}.Debug|Any CPU.Build.0 = Debug|Any CPU
		{41961FD1-2F27-4AC1-B2B6-1D743F434BFA}.Debug|Any CPU.Deploy.0 = Debug|Any CPU
		{41961FD1-2F27-4AC1-B2B6-1D743F434BFA}.Debug|ARM.ActiveCfg = Debug|Any CPU
		{41961FD1-2F27-4AC1-B2B6-1D743F434BFA}.Debug|ARM.Build.0 = Debug|Any CPU
		{41961FD1-2F27-4AC1-B2B6-1D743F434BFA}.Debug|ARM.Deploy.0 = Debug|Any CPU
		{41961FD1-2F27-4AC1-B2B6-1D743F434BFA}.Debug|iPhone.ActiveCfg = Debug|Any CPU
		{41961FD1-2F27-4AC1-B2B6-1D743F434BFA}.Debug|iPhone.Build.0 = Debug|Any CPU
		{41961FD1-2F27-4AC1-B2B6-1D743F434BFA}.Debug|iPhone.Deploy.0 = Debug|Any CPU
		{41961FD1-2F27-4AC1-B2B6-1D743F434BFA}.Debug|iPhoneSimulator.ActiveCfg = Debug|Any CPU
		{41961FD1-2F27-4AC1-B2B6-1D743F434BFA}.Debug|iPhoneSimulator.Build.0 = Debug|Any CPU
		{41961FD1-2F27-4AC1-B2B6-1D743F434BFA}.Debug|iPhoneSimulator.Deploy.0 = Debug|Any CPU
		{41961FD1-2F27-4AC1-B2B6-1D743F434BFA}.Debug|x64.ActiveCfg = Debug|Any CPU
		{41961FD1-2F27-4AC1-B2B6-1D743F434BFA}.Debug|x64.Build.0 = Debug|Any CPU
		{41961FD1-2F27-4AC1-B2B6-1D743F434BFA}.Debug|x64.Deploy.0 = Debug|Any CPU
		{41961FD1-2F27-4AC1-B2B6-1D743F434BFA}.Debug|x86.ActiveCfg = Debug|Any CPU
		{41961FD1-2F27-4AC1-B2B6-1D743F434BFA}.Debug|x86.Build.0 = Debug|Any CPU
		{41961FD1-2F27-4AC1-B2B6-1D743F434BFA}.Debug|x86.Deploy.0 = Debug|Any CPU
		{41961FD1-2F27-4AC1-B2B6-1D743F434BFA}.Release|Any CPU.ActiveCfg = Release|Any CPU
		{41961FD1-2F27-4AC1-B2B6-1D743F434BFA}.Release|Any CPU.Build.0 = Release|Any CPU
		{41961FD1-2F27-4AC1-B2B6-1D743F434BFA}.Release|Any CPU.Deploy.0 = Release|Any CPU
		{41961FD1-2F27-4AC1-B2B6-1D743F434BFA}.Release|ARM.ActiveCfg = Release|Any CPU
		{41961FD1-2F27-4AC1-B2B6-1D743F434BFA}.Release|ARM.Build.0 = Release|Any CPU
		{41961FD1-2F27-4AC1-B2B6-1D743F434BFA}.Release|ARM.Deploy.0 = Release|Any CPU
		{41961FD1-2F27-4AC1-B2B6-1D743F434BFA}.Release|iPhone.ActiveCfg = Release|Any CPU
		{41961FD1-2F27-4AC1-B2B6-1D743F434BFA}.Release|iPhone.Build.0 = Release|Any CPU
		{41961FD1-2F27-4AC1-B2B6-1D743F434BFA}.Release|iPhone.Deploy.0 = Release|Any CPU
		{41961FD1-2F27-4AC1-B2B6-1D743F434BFA}.Release|iPhoneSimulator.ActiveCfg = Release|Any CPU
		{41961FD1-2F27-4AC1-B2B6-1D743F434BFA}.Release|iPhoneSimulator.Build.0 = Release|Any CPU
		{41961FD1-2F27-4AC1-B2B6-1D743F434BFA}.Release|iPhoneSimulator.Deploy.0 = Release|Any CPU
		{41961FD1-2F27-4AC1-B2B6-1D743F434BFA}.Release|x64.ActiveCfg = Release|Any CPU
		{41961FD1-2F27-4AC1-B2B6-1D743F434BFA}.Release|x64.Build.0 = Release|Any CPU
		{41961FD1-2F27-4AC1-B2B6-1D743F434BFA}.Release|x64.Deploy.0 = Release|Any CPU
		{41961FD1-2F27-4AC1-B2B6-1D743F434BFA}.Release|x86.ActiveCfg = Release|Any CPU
		{41961FD1-2F27-4AC1-B2B6-1D743F434BFA}.Release|x86.Build.0 = Release|Any CPU
		{41961FD1-2F27-4AC1-B2B6-1D743F434BFA}.Release|x86.Deploy.0 = Release|Any CPU
		{C16626D6-708F-4F94-BC37-51B18D53B82B}.Ad-Hoc|Any CPU.ActiveCfg = Release|Any CPU
		{C16626D6-708F-4F94-BC37-51B18D53B82B}.Ad-Hoc|Any CPU.Build.0 = Release|Any CPU
		{C16626D6-708F-4F94-BC37-51B18D53B82B}.Ad-Hoc|ARM.ActiveCfg = Release|Any CPU
		{C16626D6-708F-4F94-BC37-51B18D53B82B}.Ad-Hoc|ARM.Build.0 = Release|Any CPU
		{C16626D6-708F-4F94-BC37-51B18D53B82B}.Ad-Hoc|iPhone.ActiveCfg = Release|Any CPU
		{C16626D6-708F-4F94-BC37-51B18D53B82B}.Ad-Hoc|iPhone.Build.0 = Release|Any CPU
		{C16626D6-708F-4F94-BC37-51B18D53B82B}.Ad-Hoc|iPhoneSimulator.ActiveCfg = Release|Any CPU
		{C16626D6-708F-4F94-BC37-51B18D53B82B}.Ad-Hoc|iPhoneSimulator.Build.0 = Release|Any CPU
		{C16626D6-708F-4F94-BC37-51B18D53B82B}.Ad-Hoc|x64.ActiveCfg = Release|Any CPU
		{C16626D6-708F-4F94-BC37-51B18D53B82B}.Ad-Hoc|x64.Build.0 = Release|Any CPU
		{C16626D6-708F-4F94-BC37-51B18D53B82B}.Ad-Hoc|x86.ActiveCfg = Release|Any CPU
		{C16626D6-708F-4F94-BC37-51B18D53B82B}.Ad-Hoc|x86.Build.0 = Release|Any CPU
		{C16626D6-708F-4F94-BC37-51B18D53B82B}.AppStore|Any CPU.ActiveCfg = Release|Any CPU
		{C16626D6-708F-4F94-BC37-51B18D53B82B}.AppStore|Any CPU.Build.0 = Release|Any CPU
		{C16626D6-708F-4F94-BC37-51B18D53B82B}.AppStore|ARM.ActiveCfg = Release|Any CPU
		{C16626D6-708F-4F94-BC37-51B18D53B82B}.AppStore|ARM.Build.0 = Release|Any CPU
		{C16626D6-708F-4F94-BC37-51B18D53B82B}.AppStore|iPhone.ActiveCfg = Release|Any CPU
		{C16626D6-708F-4F94-BC37-51B18D53B82B}.AppStore|iPhone.Build.0 = Release|Any CPU
		{C16626D6-708F-4F94-BC37-51B18D53B82B}.AppStore|iPhoneSimulator.ActiveCfg = Release|Any CPU
		{C16626D6-708F-4F94-BC37-51B18D53B82B}.AppStore|iPhoneSimulator.Build.0 = Release|Any CPU
		{C16626D6-708F-4F94-BC37-51B18D53B82B}.AppStore|x64.ActiveCfg = Release|Any CPU
		{C16626D6-708F-4F94-BC37-51B18D53B82B}.AppStore|x64.Build.0 = Release|Any CPU
		{C16626D6-708F-4F94-BC37-51B18D53B82B}.AppStore|x86.ActiveCfg = Release|Any CPU
		{C16626D6-708F-4F94-BC37-51B18D53B82B}.AppStore|x86.Build.0 = Release|Any CPU
		{C16626D6-708F-4F94-BC37-51B18D53B82B}.Debug|Any CPU.ActiveCfg = Debug|Any CPU
		{C16626D6-708F-4F94-BC37-51B18D53B82B}.Debug|Any CPU.Build.0 = Debug|Any CPU
		{C16626D6-708F-4F94-BC37-51B18D53B82B}.Debug|ARM.ActiveCfg = Debug|Any CPU
		{C16626D6-708F-4F94-BC37-51B18D53B82B}.Debug|ARM.Build.0 = Debug|Any CPU
		{C16626D6-708F-4F94-BC37-51B18D53B82B}.Debug|iPhone.ActiveCfg = Debug|Any CPU
		{C16626D6-708F-4F94-BC37-51B18D53B82B}.Debug|iPhone.Build.0 = Debug|Any CPU
		{C16626D6-708F-4F94-BC37-51B18D53B82B}.Debug|iPhoneSimulator.ActiveCfg = Debug|Any CPU
		{C16626D6-708F-4F94-BC37-51B18D53B82B}.Debug|iPhoneSimulator.Build.0 = Debug|Any CPU
		{C16626D6-708F-4F94-BC37-51B18D53B82B}.Debug|x64.ActiveCfg = Debug|Any CPU
		{C16626D6-708F-4F94-BC37-51B18D53B82B}.Debug|x64.Build.0 = Debug|Any CPU
		{C16626D6-708F-4F94-BC37-51B18D53B82B}.Debug|x86.ActiveCfg = Debug|Any CPU
		{C16626D6-708F-4F94-BC37-51B18D53B82B}.Debug|x86.Build.0 = Debug|Any CPU
		{C16626D6-708F-4F94-BC37-51B18D53B82B}.Release|Any CPU.ActiveCfg = Release|Any CPU
		{C16626D6-708F-4F94-BC37-51B18D53B82B}.Release|Any CPU.Build.0 = Release|Any CPU
		{C16626D6-708F-4F94-BC37-51B18D53B82B}.Release|ARM.ActiveCfg = Release|Any CPU
		{C16626D6-708F-4F94-BC37-51B18D53B82B}.Release|ARM.Build.0 = Release|Any CPU
		{C16626D6-708F-4F94-BC37-51B18D53B82B}.Release|iPhone.ActiveCfg = Release|Any CPU
		{C16626D6-708F-4F94-BC37-51B18D53B82B}.Release|iPhone.Build.0 = Release|Any CPU
		{C16626D6-708F-4F94-BC37-51B18D53B82B}.Release|iPhoneSimulator.ActiveCfg = Release|Any CPU
		{C16626D6-708F-4F94-BC37-51B18D53B82B}.Release|iPhoneSimulator.Build.0 = Release|Any CPU
		{C16626D6-708F-4F94-BC37-51B18D53B82B}.Release|x64.ActiveCfg = Release|Any CPU
		{C16626D6-708F-4F94-BC37-51B18D53B82B}.Release|x64.Build.0 = Release|Any CPU
		{C16626D6-708F-4F94-BC37-51B18D53B82B}.Release|x86.ActiveCfg = Release|Any CPU
		{C16626D6-708F-4F94-BC37-51B18D53B82B}.Release|x86.Build.0 = Release|Any CPU
		{30F03DD4-78DB-4FBD-B3C7-551B8B584D92}.Ad-Hoc|Any CPU.ActiveCfg = Release|x86
		{30F03DD4-78DB-4FBD-B3C7-551B8B584D92}.Ad-Hoc|Any CPU.Build.0 = Release|x86
		{30F03DD4-78DB-4FBD-B3C7-551B8B584D92}.Ad-Hoc|Any CPU.Deploy.0 = Release|x86
		{30F03DD4-78DB-4FBD-B3C7-551B8B584D92}.Ad-Hoc|ARM.ActiveCfg = Release|ARM
		{30F03DD4-78DB-4FBD-B3C7-551B8B584D92}.Ad-Hoc|ARM.Build.0 = Release|ARM
		{30F03DD4-78DB-4FBD-B3C7-551B8B584D92}.Ad-Hoc|ARM.Deploy.0 = Release|ARM
		{30F03DD4-78DB-4FBD-B3C7-551B8B584D92}.Ad-Hoc|iPhone.ActiveCfg = Release|x86
		{30F03DD4-78DB-4FBD-B3C7-551B8B584D92}.Ad-Hoc|iPhone.Build.0 = Release|x86
		{30F03DD4-78DB-4FBD-B3C7-551B8B584D92}.Ad-Hoc|iPhone.Deploy.0 = Release|x86
		{30F03DD4-78DB-4FBD-B3C7-551B8B584D92}.Ad-Hoc|iPhoneSimulator.ActiveCfg = Release|x86
		{30F03DD4-78DB-4FBD-B3C7-551B8B584D92}.Ad-Hoc|iPhoneSimulator.Build.0 = Release|x86
		{30F03DD4-78DB-4FBD-B3C7-551B8B584D92}.Ad-Hoc|iPhoneSimulator.Deploy.0 = Release|x86
		{30F03DD4-78DB-4FBD-B3C7-551B8B584D92}.Ad-Hoc|x64.ActiveCfg = Release|x64
		{30F03DD4-78DB-4FBD-B3C7-551B8B584D92}.Ad-Hoc|x64.Build.0 = Release|x64
		{30F03DD4-78DB-4FBD-B3C7-551B8B584D92}.Ad-Hoc|x64.Deploy.0 = Release|x64
		{30F03DD4-78DB-4FBD-B3C7-551B8B584D92}.Ad-Hoc|x86.ActiveCfg = Release|x86
		{30F03DD4-78DB-4FBD-B3C7-551B8B584D92}.Ad-Hoc|x86.Build.0 = Release|x86
		{30F03DD4-78DB-4FBD-B3C7-551B8B584D92}.Ad-Hoc|x86.Deploy.0 = Release|x86
		{30F03DD4-78DB-4FBD-B3C7-551B8B584D92}.AppStore|Any CPU.ActiveCfg = Release|x86
		{30F03DD4-78DB-4FBD-B3C7-551B8B584D92}.AppStore|Any CPU.Build.0 = Release|x86
		{30F03DD4-78DB-4FBD-B3C7-551B8B584D92}.AppStore|Any CPU.Deploy.0 = Release|x86
		{30F03DD4-78DB-4FBD-B3C7-551B8B584D92}.AppStore|ARM.ActiveCfg = Release|ARM
		{30F03DD4-78DB-4FBD-B3C7-551B8B584D92}.AppStore|ARM.Build.0 = Release|ARM
		{30F03DD4-78DB-4FBD-B3C7-551B8B584D92}.AppStore|ARM.Deploy.0 = Release|ARM
		{30F03DD4-78DB-4FBD-B3C7-551B8B584D92}.AppStore|iPhone.ActiveCfg = Release|x86
		{30F03DD4-78DB-4FBD-B3C7-551B8B584D92}.AppStore|iPhone.Build.0 = Release|x86
		{30F03DD4-78DB-4FBD-B3C7-551B8B584D92}.AppStore|iPhone.Deploy.0 = Release|x86
		{30F03DD4-78DB-4FBD-B3C7-551B8B584D92}.AppStore|iPhoneSimulator.ActiveCfg = Release|x86
		{30F03DD4-78DB-4FBD-B3C7-551B8B584D92}.AppStore|iPhoneSimulator.Build.0 = Release|x86
		{30F03DD4-78DB-4FBD-B3C7-551B8B584D92}.AppStore|iPhoneSimulator.Deploy.0 = Release|x86
		{30F03DD4-78DB-4FBD-B3C7-551B8B584D92}.AppStore|x64.ActiveCfg = Release|x64
		{30F03DD4-78DB-4FBD-B3C7-551B8B584D92}.AppStore|x64.Build.0 = Release|x64
		{30F03DD4-78DB-4FBD-B3C7-551B8B584D92}.AppStore|x64.Deploy.0 = Release|x64
		{30F03DD4-78DB-4FBD-B3C7-551B8B584D92}.AppStore|x86.ActiveCfg = Release|x86
		{30F03DD4-78DB-4FBD-B3C7-551B8B584D92}.AppStore|x86.Build.0 = Release|x86
		{30F03DD4-78DB-4FBD-B3C7-551B8B584D92}.AppStore|x86.Deploy.0 = Release|x86
		{30F03DD4-78DB-4FBD-B3C7-551B8B584D92}.Debug|Any CPU.ActiveCfg = Debug|x86
		{30F03DD4-78DB-4FBD-B3C7-551B8B584D92}.Debug|ARM.ActiveCfg = Debug|ARM
		{30F03DD4-78DB-4FBD-B3C7-551B8B584D92}.Debug|ARM.Build.0 = Debug|ARM
		{30F03DD4-78DB-4FBD-B3C7-551B8B584D92}.Debug|ARM.Deploy.0 = Debug|ARM
		{30F03DD4-78DB-4FBD-B3C7-551B8B584D92}.Debug|iPhone.ActiveCfg = Debug|x86
		{30F03DD4-78DB-4FBD-B3C7-551B8B584D92}.Debug|iPhoneSimulator.ActiveCfg = Debug|x86
		{30F03DD4-78DB-4FBD-B3C7-551B8B584D92}.Debug|x64.ActiveCfg = Debug|x64
		{30F03DD4-78DB-4FBD-B3C7-551B8B584D92}.Debug|x64.Build.0 = Debug|x64
		{30F03DD4-78DB-4FBD-B3C7-551B8B584D92}.Debug|x64.Deploy.0 = Debug|x64
		{30F03DD4-78DB-4FBD-B3C7-551B8B584D92}.Debug|x86.ActiveCfg = Debug|x86
		{30F03DD4-78DB-4FBD-B3C7-551B8B584D92}.Debug|x86.Build.0 = Debug|x86
		{30F03DD4-78DB-4FBD-B3C7-551B8B584D92}.Debug|x86.Deploy.0 = Debug|x86
		{30F03DD4-78DB-4FBD-B3C7-551B8B584D92}.Release|Any CPU.ActiveCfg = Release|x86
		{30F03DD4-78DB-4FBD-B3C7-551B8B584D92}.Release|ARM.ActiveCfg = Release|ARM
		{30F03DD4-78DB-4FBD-B3C7-551B8B584D92}.Release|ARM.Build.0 = Release|ARM
		{30F03DD4-78DB-4FBD-B3C7-551B8B584D92}.Release|ARM.Deploy.0 = Release|ARM
		{30F03DD4-78DB-4FBD-B3C7-551B8B584D92}.Release|iPhone.ActiveCfg = Release|x86
		{30F03DD4-78DB-4FBD-B3C7-551B8B584D92}.Release|iPhoneSimulator.ActiveCfg = Release|x86
		{30F03DD4-78DB-4FBD-B3C7-551B8B584D92}.Release|x64.ActiveCfg = Release|x64
		{30F03DD4-78DB-4FBD-B3C7-551B8B584D92}.Release|x64.Build.0 = Release|x64
		{30F03DD4-78DB-4FBD-B3C7-551B8B584D92}.Release|x64.Deploy.0 = Release|x64
		{30F03DD4-78DB-4FBD-B3C7-551B8B584D92}.Release|x86.ActiveCfg = Release|x86
		{30F03DD4-78DB-4FBD-B3C7-551B8B584D92}.Release|x86.Build.0 = Release|x86
		{30F03DD4-78DB-4FBD-B3C7-551B8B584D92}.Release|x86.Deploy.0 = Release|x86
		{A0D608B0-871D-4E96-A8E6-D1FD7091D68A}.Ad-Hoc|Any CPU.ActiveCfg = Ad-Hoc|iPhone
		{A0D608B0-871D-4E96-A8E6-D1FD7091D68A}.Ad-Hoc|ARM.ActiveCfg = Ad-Hoc|iPhone
		{A0D608B0-871D-4E96-A8E6-D1FD7091D68A}.Ad-Hoc|iPhone.ActiveCfg = Ad-Hoc|iPhone
		{A0D608B0-871D-4E96-A8E6-D1FD7091D68A}.Ad-Hoc|iPhone.Build.0 = Ad-Hoc|iPhone
		{A0D608B0-871D-4E96-A8E6-D1FD7091D68A}.Ad-Hoc|iPhoneSimulator.ActiveCfg = Ad-Hoc|iPhoneSimulator
		{A0D608B0-871D-4E96-A8E6-D1FD7091D68A}.Ad-Hoc|iPhoneSimulator.Build.0 = Ad-Hoc|iPhoneSimulator
		{A0D608B0-871D-4E96-A8E6-D1FD7091D68A}.Ad-Hoc|x64.ActiveCfg = Ad-Hoc|iPhone
		{A0D608B0-871D-4E96-A8E6-D1FD7091D68A}.Ad-Hoc|x86.ActiveCfg = Ad-Hoc|iPhone
		{A0D608B0-871D-4E96-A8E6-D1FD7091D68A}.AppStore|Any CPU.ActiveCfg = AppStore|iPhone
		{A0D608B0-871D-4E96-A8E6-D1FD7091D68A}.AppStore|ARM.ActiveCfg = AppStore|iPhone
		{A0D608B0-871D-4E96-A8E6-D1FD7091D68A}.AppStore|iPhone.ActiveCfg = AppStore|iPhone
		{A0D608B0-871D-4E96-A8E6-D1FD7091D68A}.AppStore|iPhone.Build.0 = AppStore|iPhone
		{A0D608B0-871D-4E96-A8E6-D1FD7091D68A}.AppStore|iPhoneSimulator.ActiveCfg = AppStore|iPhoneSimulator
		{A0D608B0-871D-4E96-A8E6-D1FD7091D68A}.AppStore|iPhoneSimulator.Build.0 = AppStore|iPhoneSimulator
		{A0D608B0-871D-4E96-A8E6-D1FD7091D68A}.AppStore|x64.ActiveCfg = AppStore|iPhone
		{A0D608B0-871D-4E96-A8E6-D1FD7091D68A}.AppStore|x86.ActiveCfg = AppStore|iPhone
		{A0D608B0-871D-4E96-A8E6-D1FD7091D68A}.Debug|Any CPU.ActiveCfg = Debug|iPhone
		{A0D608B0-871D-4E96-A8E6-D1FD7091D68A}.Debug|ARM.ActiveCfg = Debug|iPhone
		{A0D608B0-871D-4E96-A8E6-D1FD7091D68A}.Debug|iPhone.ActiveCfg = Debug|iPhone
		{A0D608B0-871D-4E96-A8E6-D1FD7091D68A}.Debug|iPhone.Build.0 = Debug|iPhone
		{A0D608B0-871D-4E96-A8E6-D1FD7091D68A}.Debug|iPhoneSimulator.ActiveCfg = Debug|iPhoneSimulator
		{A0D608B0-871D-4E96-A8E6-D1FD7091D68A}.Debug|iPhoneSimulator.Build.0 = Debug|iPhoneSimulator
		{A0D608B0-871D-4E96-A8E6-D1FD7091D68A}.Debug|x64.ActiveCfg = Debug|iPhone
		{A0D608B0-871D-4E96-A8E6-D1FD7091D68A}.Debug|x86.ActiveCfg = Debug|iPhone
		{A0D608B0-871D-4E96-A8E6-D1FD7091D68A}.Release|Any CPU.ActiveCfg = Release|iPhone
		{A0D608B0-871D-4E96-A8E6-D1FD7091D68A}.Release|ARM.ActiveCfg = Release|iPhone
		{A0D608B0-871D-4E96-A8E6-D1FD7091D68A}.Release|iPhone.ActiveCfg = Release|iPhone
		{A0D608B0-871D-4E96-A8E6-D1FD7091D68A}.Release|iPhone.Build.0 = Release|iPhone
		{A0D608B0-871D-4E96-A8E6-D1FD7091D68A}.Release|iPhoneSimulator.ActiveCfg = Release|iPhoneSimulator
		{A0D608B0-871D-4E96-A8E6-D1FD7091D68A}.Release|iPhoneSimulator.Build.0 = Release|iPhoneSimulator
		{A0D608B0-871D-4E96-A8E6-D1FD7091D68A}.Release|x64.ActiveCfg = Release|iPhone
		{A0D608B0-871D-4E96-A8E6-D1FD7091D68A}.Release|x86.ActiveCfg = Release|iPhone
	EndGlobalSection
	GlobalSection(SolutionProperties) = preSolution
		HideSolutionNode = FALSE
	EndGlobalSection
	GlobalSection(NestedProjects) = preSolution
		{41961FD1-2F27-4AC1-B2B6-1D743F434BFA} = {8AF70E9D-F37A-4E87-AEE9-10A30143EDB9}
		{C16626D6-708F-4F94-BC37-51B18D53B82B} = {8AF70E9D-F37A-4E87-AEE9-10A30143EDB9}
		{30F03DD4-78DB-4FBD-B3C7-551B8B584D92} = {8AF70E9D-F37A-4E87-AEE9-10A30143EDB9}
		{A0D608B0-871D-4E96-A8E6-D1FD7091D68A} = {8AF70E9D-F37A-4E87-AEE9-10A30143EDB9}
	EndGlobalSection
EndGlobal
